
Microsoft Visual Studio Solution File, Format Version 12.00
# Visual Studio Version 17
VisualStudioVersion = 17.9.34728.123
MinimumVisualStudioVersion = 10.0.40219.1
Project("{9A19103F-16F7-4668-BE54-9A1E7A4F7556}") = "Decker", "Decker.csproj", "{3705E08B-189D-4556-B549-AFFF80694F5E}"
EndProject
Global
	GlobalSection(SolutionConfigurationPlatforms) = preSolution
		Debug|Any CPU = Debug|Any CPU
		Release|Any CPU = Release|Any CPU
	EndGlobalSection
	GlobalSection(ProjectConfigurationPlatforms) = postSolution
		{3705E08B-189D-4556-B549-AFFF80694F5E}.Debug|Any CPU.ActiveCfg = Debug|Any CPU
		{3705E08B-189D-4556-B549-AFFF80694F5E}.Debug|Any CPU.Build.0 = Debug|Any CPU
		{3705E08B-189D-4556-B549-AFFF80694F5E}.Release|Any CPU.ActiveCfg = Release|Any CPU
		{3705E08B-189D-4556-B549-AFFF80694F5E}.Release|Any CPU.Build.0 = Release|Any CPU
	EndGlobalSection
	GlobalSection(SolutionProperties) = preSolution
		HideSolutionNode = FALSE
	EndGlobalSection
	GlobalSection(ExtensibilityGlobals) = postSolution
		SolutionGuid = {D22FF6AF-3101-4F90-A9A9-4948ED00E99B}
	EndGlobalSection
EndGlobal
